// !$*UTF8*$!
{
	archiveVersion = 1;
	classes = {
	};
	objectVersion = 50;
	objects = {

/* Begin PBXBuildFile section */
		040E3AA124C5F4B1009498D6 /* mydata.json in Resources */ = {isa = PBXBuildFile; fileRef = 040E3AA024C5F4B1009498D6 /* mydata.json */; };
		046CF1C624C07F3F00F5798A /* Assets.xcassets in Resources */ = {isa = PBXBuildFile; fileRef = 046CF1C524C07F3F00F5798A /* Assets.xcassets */; };
		046CF1C924C07F3F00F5798A /* LaunchScreen.storyboard in Resources */ = {isa = PBXBuildFile; fileRef = 046CF1C724C07F3F00F5798A /* LaunchScreen.storyboard */; };
		046CF1D424C07F3F00F5798A /* WCTMoveLearnDemoTests.swift in Sources */ = {isa = PBXBuildFile; fileRef = 046CF1D324C07F3F00F5798A /* WCTMoveLearnDemoTests.swift */; };
		046CF1DF24C07F3F00F5798A /* WCTMoveLearnDemoUITests.swift in Sources */ = {isa = PBXBuildFile; fileRef = 046CF1DE24C07F3F00F5798A /* WCTMoveLearnDemoUITests.swift */; };
		046CF21B24C0A21000F5798A /* WCTHomeViewController.swift in Sources */ = {isa = PBXBuildFile; fileRef = 046CF1FF24C0A21000F5798A /* WCTHomeViewController.swift */; };
		046CF21C24C0A21000F5798A /* WCTVideoViewController.swift in Sources */ = {isa = PBXBuildFile; fileRef = 046CF20424C0A21000F5798A /* WCTVideoViewController.swift */; };
		046CF21D24C0A21000F5798A /* WCTHuoShanViewController.swift in Sources */ = {isa = PBXBuildFile; fileRef = 046CF20924C0A21000F5798A /* WCTHuoShanViewController.swift */; };
		046CF21E24C0A21000F5798A /* AppDelegate.swift in Sources */ = {isa = PBXBuildFile; fileRef = 046CF20D24C0A21000F5798A /* AppDelegate.swift */; };
		046CF22024C0A21000F5798A /* WCTMineViewController.swift in Sources */ = {isa = PBXBuildFile; fileRef = 046CF21124C0A21000F5798A /* WCTMineViewController.swift */; };
		046CF22124C0A21000F5798A /* WCTNaviViewController.swift in Sources */ = {isa = PBXBuildFile; fileRef = 046CF21624C0A21000F5798A /* WCTNaviViewController.swift */; };
		046CF22224C0A21000F5798A /* WCTTabbarController.swift in Sources */ = {isa = PBXBuildFile; fileRef = 046CF21724C0A21000F5798A /* WCTTabbarController.swift */; };
		046CF22324C0A21000F5798A /* WCTTabBar.swift in Sources */ = {isa = PBXBuildFile; fileRef = 046CF21A24C0A21000F5798A /* WCTTabBar.swift */; };
		046CF22524C0A9D200F5798A /* WCTConst.swift in Sources */ = {isa = PBXBuildFile; fileRef = 046CF22424C0A9D200F5798A /* WCTConst.swift */; };
		046CF22824C0AAED00F5798A /* UIColor+Extension.swift in Sources */ = {isa = PBXBuildFile; fileRef = 046CF22724C0AAED00F5798A /* UIColor+Extension.swift */; };
		04CD9D6724C2000E006BF773 /* WCTNetworkTools.swift in Sources */ = {isa = PBXBuildFile; fileRef = 04CD9D6624C2000D006BF773 /* WCTNetworkTools.swift */; };
		04CD9D6924C297CE006BF773 /* WCTMineCellModel.swift in Sources */ = {isa = PBXBuildFile; fileRef = 04CD9D6824C297CE006BF773 /* WCTMineCellModel.swift */; };
		04FC3C8D24C72ED3007A4302 /* WCTMineCell.swift in Sources */ = {isa = PBXBuildFile; fileRef = 04FC3C8B24C72ED3007A4302 /* WCTMineCell.swift */; };
		04FC3C8E24C72ED3007A4302 /* WCTMineCell.xib in Resources */ = {isa = PBXBuildFile; fileRef = 04FC3C8C24C72ED3007A4302 /* WCTMineCell.xib */; };
		04FC3C9324C7352B007A4302 /* WCTMineFansCell.swift in Sources */ = {isa = PBXBuildFile; fileRef = 04FC3C9124C7352B007A4302 /* WCTMineFansCell.swift */; };
		04FC3C9424C7352B007A4302 /* WCTMineFansCell.xib in Resources */ = {isa = PBXBuildFile; fileRef = 04FC3C9224C7352B007A4302 /* WCTMineFansCell.xib */; };
		04FC3C9624C73881007A4302 /* UIView+Extension.swift in Sources */ = {isa = PBXBuildFile; fileRef = 04FC3C9524C73881007A4302 /* UIView+Extension.swift */; };
		04FC3C9824C738FF007A4302 /* UITableView+Extension.swift in Sources */ = {isa = PBXBuildFile; fileRef = 04FC3C9724C738FF007A4302 /* UITableView+Extension.swift */; };
		04FC3C9A24C73AAC007A4302 /* UICollectionView+Extension.swift in Sources */ = {isa = PBXBuildFile; fileRef = 04FC3C9924C73AAC007A4302 /* UICollectionView+Extension.swift */; };
		82AD0A45442AC2A05BD98493 /* Pods_WCTMoveLearnDemo.framework in Frameworks */ = {isa = PBXBuildFile; fileRef = 612276C5369EB5D846853A4A /* Pods_WCTMoveLearnDemo.framework */; };
/* End PBXBuildFile section */

/* Begin PBXContainerItemProxy section */
		046CF1D024C07F3F00F5798A /* PBXContainerItemProxy */ = {
			isa = PBXContainerItemProxy;
			containerPortal = 046CF1B124C07F3D00F5798A /* Project object */;
			proxyType = 1;
			remoteGlobalIDString = 046CF1B824C07F3D00F5798A;
			remoteInfo = WCTMoveLearnDemo;
		};
		046CF1DB24C07F3F00F5798A /* PBXContainerItemProxy */ = {
			isa = PBXContainerItemProxy;
			containerPortal = 046CF1B124C07F3D00F5798A /* Project object */;
			proxyType = 1;
			remoteGlobalIDString = 046CF1B824C07F3D00F5798A;
			remoteInfo = WCTMoveLearnDemo;
		};
/* End PBXContainerItemProxy section */

/* Begin PBXFileReference section */
		040E3AA024C5F4B1009498D6 /* mydata.json */ = {isa = PBXFileReference; fileEncoding = 4; lastKnownFileType = text.json; path = mydata.json; sourceTree = "<group>"; };
		046CF1B924C07F3D00F5798A /* WCTMoveLearnDemo.app */ = {isa = PBXFileReference; explicitFileType = wrapper.application; includeInIndex = 0; path = WCTMoveLearnDemo.app; sourceTree = BUILT_PRODUCTS_DIR; };
		046CF1C524C07F3F00F5798A /* Assets.xcassets */ = {isa = PBXFileReference; lastKnownFileType = folder.assetcatalog; path = Assets.xcassets; sourceTree = "<group>"; };
		046CF1C824C07F3F00F5798A /* Base */ = {isa = PBXFileReference; lastKnownFileType = file.storyboard; name = Base; path = Base.lproj/LaunchScreen.storyboard; sourceTree = "<group>"; };
		046CF1CF24C07F3F00F5798A /* WCTMoveLearnDemoTests.xctest */ = {isa = PBXFileReference; explicitFileType = wrapper.cfbundle; includeInIndex = 0; path = WCTMoveLearnDemoTests.xctest; sourceTree = BUILT_PRODUCTS_DIR; };
		046CF1D324C07F3F00F5798A /* WCTMoveLearnDemoTests.swift */ = {isa = PBXFileReference; lastKnownFileType = sourcecode.swift; path = WCTMoveLearnDemoTests.swift; sourceTree = "<group>"; };
		046CF1D524C07F3F00F5798A /* Info.plist */ = {isa = PBXFileReference; lastKnownFileType = text.plist.xml; path = Info.plist; sourceTree = "<group>"; };
		046CF1DA24C07F3F00F5798A /* WCTMoveLearnDemoUITests.xctest */ = {isa = PBXFileReference; explicitFileType = wrapper.cfbundle; includeInIndex = 0; path = WCTMoveLearnDemoUITests.xctest; sourceTree = BUILT_PRODUCTS_DIR; };
		046CF1DE24C07F3F00F5798A /* WCTMoveLearnDemoUITests.swift */ = {isa = PBXFileReference; lastKnownFileType = sourcecode.swift; path = WCTMoveLearnDemoUITests.swift; sourceTree = "<group>"; };
		046CF1E024C07F3F00F5798A /* Info.plist */ = {isa = PBXFileReference; lastKnownFileType = text.plist.xml; path = Info.plist; sourceTree = "<group>"; };
		046CF1FF24C0A21000F5798A /* WCTHomeViewController.swift */ = {isa = PBXFileReference; fileEncoding = 4; lastKnownFileType = sourcecode.swift; path = WCTHomeViewController.swift; sourceTree = "<group>"; };
		046CF20424C0A21000F5798A /* WCTVideoViewController.swift */ = {isa = PBXFileReference; fileEncoding = 4; lastKnownFileType = sourcecode.swift; path = WCTVideoViewController.swift; sourceTree = "<group>"; };
		046CF20924C0A21000F5798A /* WCTHuoShanViewController.swift */ = {isa = PBXFileReference; fileEncoding = 4; lastKnownFileType = sourcecode.swift; path = WCTHuoShanViewController.swift; sourceTree = "<group>"; };
		046CF20D24C0A21000F5798A /* AppDelegate.swift */ = {isa = PBXFileReference; fileEncoding = 4; lastKnownFileType = sourcecode.swift; path = AppDelegate.swift; sourceTree = "<group>"; };
		046CF20E24C0A21000F5798A /* Info.plist */ = {isa = PBXFileReference; fileEncoding = 4; lastKnownFileType = text.plist.xml; path = Info.plist; sourceTree = "<group>"; };
		046CF21124C0A21000F5798A /* WCTMineViewController.swift */ = {isa = PBXFileReference; fileEncoding = 4; lastKnownFileType = sourcecode.swift; path = WCTMineViewController.swift; sourceTree = "<group>"; };
		046CF21624C0A21000F5798A /* WCTNaviViewController.swift */ = {isa = PBXFileReference; fileEncoding = 4; lastKnownFileType = sourcecode.swift; path = WCTNaviViewController.swift; sourceTree = "<group>"; };
		046CF21724C0A21000F5798A /* WCTTabbarController.swift */ = {isa = PBXFileReference; fileEncoding = 4; lastKnownFileType = sourcecode.swift; path = WCTTabbarController.swift; sourceTree = "<group>"; };
		046CF21A24C0A21000F5798A /* WCTTabBar.swift */ = {isa = PBXFileReference; fileEncoding = 4; lastKnownFileType = sourcecode.swift; path = WCTTabBar.swift; sourceTree = "<group>"; };
		046CF22424C0A9D200F5798A /* WCTConst.swift */ = {isa = PBXFileReference; lastKnownFileType = sourcecode.swift; path = WCTConst.swift; sourceTree = "<group>"; };
		046CF22724C0AAED00F5798A /* UIColor+Extension.swift */ = {isa = PBXFileReference; lastKnownFileType = sourcecode.swift; path = "UIColor+Extension.swift"; sourceTree = "<group>"; };
		04CD9D6624C2000D006BF773 /* WCTNetworkTools.swift */ = {isa = PBXFileReference; lastKnownFileType = sourcecode.swift; path = WCTNetworkTools.swift; sourceTree = "<group>"; };
		04CD9D6824C297CE006BF773 /* WCTMineCellModel.swift */ = {isa = PBXFileReference; lastKnownFileType = sourcecode.swift; path = WCTMineCellModel.swift; sourceTree = "<group>"; };
		04FC3C8B24C72ED3007A4302 /* WCTMineCell.swift */ = {isa = PBXFileReference; lastKnownFileType = sourcecode.swift; path = WCTMineCell.swift; sourceTree = "<group>"; };
		04FC3C8C24C72ED3007A4302 /* WCTMineCell.xib */ = {isa = PBXFileReference; lastKnownFileType = file.xib; path = WCTMineCell.xib; sourceTree = "<group>"; };
		04FC3C9124C7352B007A4302 /* WCTMineFansCell.swift */ = {isa = PBXFileReference; lastKnownFileType = sourcecode.swift; path = WCTMineFansCell.swift; sourceTree = "<group>"; };
		04FC3C9224C7352B007A4302 /* WCTMineFansCell.xib */ = {isa = PBXFileReference; lastKnownFileType = file.xib; path = WCTMineFansCell.xib; sourceTree = "<group>"; };
		04FC3C9524C73881007A4302 /* UIView+Extension.swift */ = {isa = PBXFileReference; lastKnownFileType = sourcecode.swift; path = "UIView+Extension.swift"; sourceTree = "<group>"; };
		04FC3C9724C738FF007A4302 /* UITableView+Extension.swift */ = {isa = PBXFileReference; lastKnownFileType = sourcecode.swift; path = "UITableView+Extension.swift"; sourceTree = "<group>"; };
		04FC3C9924C73AAC007A4302 /* UICollectionView+Extension.swift */ = {isa = PBXFileReference; lastKnownFileType = sourcecode.swift; path = "UICollectionView+Extension.swift"; sourceTree = "<group>"; };
		1BE20B0908054EAF57507195 /* Pods_WCTMoveLearnDemoTests.framework */ = {isa = PBXFileReference; explicitFileType = wrapper.framework; includeInIndex = 0; path = Pods_WCTMoveLearnDemoTests.framework; sourceTree = BUILT_PRODUCTS_DIR; };
		5DF1BEEA2C3A10FFE7D7C6E1 /* Pods_WCTMoveLearnDemoUITests.framework */ = {isa = PBXFileReference; explicitFileType = wrapper.framework; includeInIndex = 0; path = Pods_WCTMoveLearnDemoUITests.framework; sourceTree = BUILT_PRODUCTS_DIR; };
		612276C5369EB5D846853A4A /* Pods_WCTMoveLearnDemo.framework */ = {isa = PBXFileReference; explicitFileType = wrapper.framework; includeInIndex = 0; path = Pods_WCTMoveLearnDemo.framework; sourceTree = BUILT_PRODUCTS_DIR; };
		688A3C7425286299079B6194 /* Pods-WCTMoveLearnDemo.release.xcconfig */ = {isa = PBXFileReference; includeInIndex = 1; lastKnownFileType = text.xcconfig; name = "Pods-WCTMoveLearnDemo.release.xcconfig"; path = "Pods/Target Support Files/Pods-WCTMoveLearnDemo/Pods-WCTMoveLearnDemo.release.xcconfig"; sourceTree = "<group>"; };
		C6161716C5E81BC5F684F2B8 /* Pods-WCTMoveLearnDemo.debug.xcconfig */ = {isa = PBXFileReference; includeInIndex = 1; lastKnownFileType = text.xcconfig; name = "Pods-WCTMoveLearnDemo.debug.xcconfig"; path = "Pods/Target Support Files/Pods-WCTMoveLearnDemo/Pods-WCTMoveLearnDemo.debug.xcconfig"; sourceTree = "<group>"; };
/* End PBXFileReference section */

/* Begin PBXFrameworksBuildPhase section */
		046CF1B624C07F3D00F5798A /* Frameworks */ = {
			isa = PBXFrameworksBuildPhase;
			buildActionMask = 2147483647;
			files = (
				82AD0A45442AC2A05BD98493 /* Pods_WCTMoveLearnDemo.framework in Frameworks */,
			);
			runOnlyForDeploymentPostprocessing = 0;
		};
		046CF1CC24C07F3F00F5798A /* Frameworks */ = {
			isa = PBXFrameworksBuildPhase;
			buildActionMask = 2147483647;
			files = (
			);
			runOnlyForDeploymentPostprocessing = 0;
		};
		046CF1D724C07F3F00F5798A /* Frameworks */ = {
			isa = PBXFrameworksBuildPhase;
			buildActionMask = 2147483647;
			files = (
			);
			runOnlyForDeploymentPostprocessing = 0;
		};
/* End PBXFrameworksBuildPhase section */

/* Begin PBXGroup section */
		046CF1B024C07F3D00F5798A = {
			isa = PBXGroup;
			children = (
				046CF1BB24C07F3D00F5798A /* WCTMoveLearnDemo */,
				046CF1D224C07F3F00F5798A /* WCTMoveLearnDemoTests */,
				046CF1DD24C07F3F00F5798A /* WCTMoveLearnDemoUITests */,
				046CF1BA24C07F3D00F5798A /* Products */,
				85CD4421FC97EBA7B24A3A22 /* Pods */,
				3EE81065D2FAF7035B764F8F /* Frameworks */,
			);
			sourceTree = "<group>";
		};
		046CF1BA24C07F3D00F5798A /* Products */ = {
			isa = PBXGroup;
			children = (
				046CF1B924C07F3D00F5798A /* WCTMoveLearnDemo.app */,
				046CF1CF24C07F3F00F5798A /* WCTMoveLearnDemoTests.xctest */,
				046CF1DA24C07F3F00F5798A /* WCTMoveLearnDemoUITests.xctest */,
			);
			name = Products;
			sourceTree = "<group>";
		};
		046CF1BB24C07F3D00F5798A /* WCTMoveLearnDemo */ = {
			isa = PBXGroup;
			children = (
				046CF1FC24C0A21000F5798A /* Classes */,
				046CF1C524C07F3F00F5798A /* Assets.xcassets */,
				046CF1C724C07F3F00F5798A /* LaunchScreen.storyboard */,
			);
			path = WCTMoveLearnDemo;
			sourceTree = "<group>";
		};
		046CF1D224C07F3F00F5798A /* WCTMoveLearnDemoTests */ = {
			isa = PBXGroup;
			children = (
				046CF1D324C07F3F00F5798A /* WCTMoveLearnDemoTests.swift */,
				046CF1D524C07F3F00F5798A /* Info.plist */,
			);
			path = WCTMoveLearnDemoTests;
			sourceTree = "<group>";
		};
		046CF1DD24C07F3F00F5798A /* WCTMoveLearnDemoUITests */ = {
			isa = PBXGroup;
			children = (
				046CF1DE24C07F3F00F5798A /* WCTMoveLearnDemoUITests.swift */,
				046CF1E024C07F3F00F5798A /* Info.plist */,
			);
			path = WCTMoveLearnDemoUITests;
			sourceTree = "<group>";
		};
		046CF1FC24C0A21000F5798A /* Classes */ = {
			isa = PBXGroup;
			children = (
				046CF1FD24C0A21000F5798A /* Home */,
				046CF20224C0A21000F5798A /* Video */,
				046CF20724C0A21000F5798A /* Huoshan */,
				046CF20C24C0A21000F5798A /* Others */,
				046CF20F24C0A21000F5798A /* Mine */,
				046CF21424C0A21000F5798A /* Main */,
			);
			path = Classes;
			sourceTree = "<group>";
		};
		046CF1FD24C0A21000F5798A /* Home */ = {
			isa = PBXGroup;
			children = (
				046CF1FE24C0A21000F5798A /* Controller */,
				046CF20024C0A21000F5798A /* Model */,
				046CF20124C0A21000F5798A /* View */,
			);
			path = Home;
			sourceTree = "<group>";
		};
		046CF1FE24C0A21000F5798A /* Controller */ = {
			isa = PBXGroup;
			children = (
				046CF1FF24C0A21000F5798A /* WCTHomeViewController.swift */,
			);
			path = Controller;
			sourceTree = "<group>";
		};
		046CF20024C0A21000F5798A /* Model */ = {
			isa = PBXGroup;
			children = (
			);
			path = Model;
			sourceTree = "<group>";
		};
		046CF20124C0A21000F5798A /* View */ = {
			isa = PBXGroup;
			children = (
			);
			path = View;
			sourceTree = "<group>";
		};
		046CF20224C0A21000F5798A /* Video */ = {
			isa = PBXGroup;
			children = (
				046CF20324C0A21000F5798A /* Controller */,
				046CF20524C0A21000F5798A /* Model */,
				046CF20624C0A21000F5798A /* View */,
			);
			path = Video;
			sourceTree = "<group>";
		};
		046CF20324C0A21000F5798A /* Controller */ = {
			isa = PBXGroup;
			children = (
				046CF20424C0A21000F5798A /* WCTVideoViewController.swift */,
			);
			path = Controller;
			sourceTree = "<group>";
		};
		046CF20524C0A21000F5798A /* Model */ = {
			isa = PBXGroup;
			children = (
			);
			path = Model;
			sourceTree = "<group>";
		};
		046CF20624C0A21000F5798A /* View */ = {
			isa = PBXGroup;
			children = (
			);
			path = View;
			sourceTree = "<group>";
		};
		046CF20724C0A21000F5798A /* Huoshan */ = {
			isa = PBXGroup;
			children = (
				046CF20824C0A21000F5798A /* Controller */,
				046CF20A24C0A21000F5798A /* Model */,
				046CF20B24C0A21000F5798A /* View */,
			);
			path = Huoshan;
			sourceTree = "<group>";
		};
		046CF20824C0A21000F5798A /* Controller */ = {
			isa = PBXGroup;
			children = (
				046CF20924C0A21000F5798A /* WCTHuoShanViewController.swift */,
			);
			path = Controller;
			sourceTree = "<group>";
		};
		046CF20A24C0A21000F5798A /* Model */ = {
			isa = PBXGroup;
			children = (
			);
			path = Model;
			sourceTree = "<group>";
		};
		046CF20B24C0A21000F5798A /* View */ = {
			isa = PBXGroup;
			children = (
			);
			path = View;
			sourceTree = "<group>";
		};
		046CF20C24C0A21000F5798A /* Others */ = {
			isa = PBXGroup;
			children = (
				046CF20D24C0A21000F5798A /* AppDelegate.swift */,
				046CF20E24C0A21000F5798A /* Info.plist */,
				046CF22424C0A9D200F5798A /* WCTConst.swift */,
			);
			path = Others;
			sourceTree = "<group>";
		};
		046CF20F24C0A21000F5798A /* Mine */ = {
			isa = PBXGroup;
			children = (
				046CF21024C0A21000F5798A /* Controller */,
				046CF21224C0A21000F5798A /* Model */,
				046CF21324C0A21000F5798A /* View */,
			);
			path = Mine;
			sourceTree = "<group>";
		};
		046CF21024C0A21000F5798A /* Controller */ = {
			isa = PBXGroup;
			children = (
				046CF21124C0A21000F5798A /* WCTMineViewController.swift */,
			);
			path = Controller;
			sourceTree = "<group>";
		};
		046CF21224C0A21000F5798A /* Model */ = {
			isa = PBXGroup;
			children = (
				04CD9D6824C297CE006BF773 /* WCTMineCellModel.swift */,
			);
			path = Model;
			sourceTree = "<group>";
		};
		046CF21324C0A21000F5798A /* View */ = {
			isa = PBXGroup;
			children = (
				04FC3C8B24C72ED3007A4302 /* WCTMineCell.swift */,
				04FC3C8C24C72ED3007A4302 /* WCTMineCell.xib */,
				04FC3C9124C7352B007A4302 /* WCTMineFansCell.swift */,
				04FC3C9224C7352B007A4302 /* WCTMineFansCell.xib */,
			);
			path = View;
			sourceTree = "<group>";
		};
		046CF21424C0A21000F5798A /* Main */ = {
			isa = PBXGroup;
			children = (
				04CD9D6A24C2AC74006BF773 /* Source */,
				04CD9D6524C1F78D006BF773 /* Tools */,
				046CF22624C0AA9600F5798A /* Extension */,
				046CF21524C0A21000F5798A /* Controller */,
				046CF21824C0A21000F5798A /* Model */,
				046CF21924C0A21000F5798A /* View */,
			);
			path = Main;
			sourceTree = "<group>";
		};
		046CF21524C0A21000F5798A /* Controller */ = {
			isa = PBXGroup;
			children = (
				046CF21624C0A21000F5798A /* WCTNaviViewController.swift */,
				046CF21724C0A21000F5798A /* WCTTabbarController.swift */,
			);
			path = Controller;
			sourceTree = "<group>";
		};
		046CF21824C0A21000F5798A /* Model */ = {
			isa = PBXGroup;
			children = (
			);
			path = Model;
			sourceTree = "<group>";
		};
		046CF21924C0A21000F5798A /* View */ = {
			isa = PBXGroup;
			children = (
				046CF21A24C0A21000F5798A /* WCTTabBar.swift */,
			);
			path = View;
			sourceTree = "<group>";
		};
		046CF22624C0AA9600F5798A /* Extension */ = {
			isa = PBXGroup;
			children = (
				046CF22724C0AAED00F5798A /* UIColor+Extension.swift */,
				04FC3C9524C73881007A4302 /* UIView+Extension.swift */,
				04FC3C9724C738FF007A4302 /* UITableView+Extension.swift */,
				04FC3C9924C73AAC007A4302 /* UICollectionView+Extension.swift */,
			);
			path = Extension;
			sourceTree = "<group>";
		};
		04CD9D6524C1F78D006BF773 /* Tools */ = {
			isa = PBXGroup;
			children = (
				04CD9D6624C2000D006BF773 /* WCTNetworkTools.swift */,
				040E3AA024C5F4B1009498D6 /* mydata.json */,
			);
			path = Tools;
			sourceTree = "<group>";
		};
		04CD9D6A24C2AC74006BF773 /* Source */ = {
			isa = PBXGroup;
			children = (
			);
			path = Source;
			sourceTree = "<group>";
		};
		3EE81065D2FAF7035B764F8F /* Frameworks */ = {
			isa = PBXGroup;
			children = (
				612276C5369EB5D846853A4A /* Pods_WCTMoveLearnDemo.framework */,
				1BE20B0908054EAF57507195 /* Pods_WCTMoveLearnDemoTests.framework */,
				5DF1BEEA2C3A10FFE7D7C6E1 /* Pods_WCTMoveLearnDemoUITests.framework */,
			);
			name = Frameworks;
			sourceTree = "<group>";
		};
		85CD4421FC97EBA7B24A3A22 /* Pods */ = {
			isa = PBXGroup;
			children = (
				C6161716C5E81BC5F684F2B8 /* Pods-WCTMoveLearnDemo.debug.xcconfig */,
				688A3C7425286299079B6194 /* Pods-WCTMoveLearnDemo.release.xcconfig */,
			);
			name = Pods;
			sourceTree = "<group>";
		};
/* End PBXGroup section */

/* Begin PBXNativeTarget section */
		046CF1B824C07F3D00F5798A /* WCTMoveLearnDemo */ = {
			isa = PBXNativeTarget;
			buildConfigurationList = 046CF1E324C07F3F00F5798A /* Build configuration list for PBXNativeTarget "WCTMoveLearnDemo" */;
			buildPhases = (
				21A8D9D2F01D814D40FA94D5 /* [CP] Check Pods Manifest.lock */,
				046CF1B524C07F3D00F5798A /* Sources */,
				046CF1B624C07F3D00F5798A /* Frameworks */,
				046CF1B724C07F3D00F5798A /* Resources */,
				F1005E213823637D1B3B7213 /* [CP] Embed Pods Frameworks */,
				DDF213F27172959BC6C177B1 /* [CP] Copy Pods Resources */,
			);
			buildRules = (
			);
			dependencies = (
			);
			name = WCTMoveLearnDemo;
			productName = WCTMoveLearnDemo;
			productReference = 046CF1B924C07F3D00F5798A /* WCTMoveLearnDemo.app */;
			productType = "com.apple.product-type.application";
		};
		046CF1CE24C07F3F00F5798A /* WCTMoveLearnDemoTests */ = {
			isa = PBXNativeTarget;
			buildConfigurationList = 046CF1E624C07F3F00F5798A /* Build configuration list for PBXNativeTarget "WCTMoveLearnDemoTests" */;
			buildPhases = (
				046CF1CB24C07F3F00F5798A /* Sources */,
				046CF1CC24C07F3F00F5798A /* Frameworks */,
				046CF1CD24C07F3F00F5798A /* Resources */,
			);
			buildRules = (
			);
			dependencies = (
				046CF1D124C07F3F00F5798A /* PBXTargetDependency */,
			);
			name = WCTMoveLearnDemoTests;
			productName = WCTMoveLearnDemoTests;
			productReference = 046CF1CF24C07F3F00F5798A /* WCTMoveLearnDemoTests.xctest */;
			productType = "com.apple.product-type.bundle.unit-test";
		};
		046CF1D924C07F3F00F5798A /* WCTMoveLearnDemoUITests */ = {
			isa = PBXNativeTarget;
			buildConfigurationList = 046CF1E924C07F3F00F5798A /* Build configuration list for PBXNativeTarget "WCTMoveLearnDemoUITests" */;
			buildPhases = (
				046CF1D624C07F3F00F5798A /* Sources */,
				046CF1D724C07F3F00F5798A /* Frameworks */,
				046CF1D824C07F3F00F5798A /* Resources */,
			);
			buildRules = (
			);
			dependencies = (
				046CF1DC24C07F3F00F5798A /* PBXTargetDependency */,
			);
			name = WCTMoveLearnDemoUITests;
			productName = WCTMoveLearnDemoUITests;
			productReference = 046CF1DA24C07F3F00F5798A /* WCTMoveLearnDemoUITests.xctest */;
			productType = "com.apple.product-type.bundle.ui-testing";
		};
/* End PBXNativeTarget section */

/* Begin PBXProject section */
		046CF1B124C07F3D00F5798A /* Project object */ = {
			isa = PBXProject;
			attributes = {
				LastSwiftUpdateCheck = 1100;
				LastUpgradeCheck = 1100;
				ORGANIZATIONNAME = wct;
				TargetAttributes = {
					046CF1B824C07F3D00F5798A = {
						CreatedOnToolsVersion = 11.0;
					};
					046CF1CE24C07F3F00F5798A = {
						CreatedOnToolsVersion = 11.0;
						TestTargetID = 046CF1B824C07F3D00F5798A;
					};
					046CF1D924C07F3F00F5798A = {
						CreatedOnToolsVersion = 11.0;
						TestTargetID = 046CF1B824C07F3D00F5798A;
					};
				};
			};
			buildConfigurationList = 046CF1B424C07F3D00F5798A /* Build configuration list for PBXProject "WCTMoveLearnDemo" */;
			compatibilityVersion = "Xcode 9.3";
			developmentRegion = en;
			hasScannedForEncodings = 0;
			knownRegions = (
				en,
				Base,
			);
			mainGroup = 046CF1B024C07F3D00F5798A;
			productRefGroup = 046CF1BA24C07F3D00F5798A /* Products */;
			projectDirPath = "";
			projectRoot = "";
			targets = (
				046CF1B824C07F3D00F5798A /* WCTMoveLearnDemo */,
				046CF1CE24C07F3F00F5798A /* WCTMoveLearnDemoTests */,
				046CF1D924C07F3F00F5798A /* WCTMoveLearnDemoUITests */,
			);
		};
/* End PBXProject section */

/* Begin PBXResourcesBuildPhase section */
		046CF1B724C07F3D00F5798A /* Resources */ = {
			isa = PBXResourcesBuildPhase;
			buildActionMask = 2147483647;
			files = (
				046CF1C924C07F3F00F5798A /* LaunchScreen.storyboard in Resources */,
				040E3AA124C5F4B1009498D6 /* mydata.json in Resources */,
				046CF1C624C07F3F00F5798A /* Assets.xcassets in Resources */,
				04FC3C8E24C72ED3007A4302 /* WCTMineCell.xib in Resources */,
				04FC3C9424C7352B007A4302 /* WCTMineFansCell.xib in Resources */,
			);
			runOnlyForDeploymentPostprocessing = 0;
		};
		046CF1CD24C07F3F00F5798A /* Resources */ = {
			isa = PBXResourcesBuildPhase;
			buildActionMask = 2147483647;
			files = (
			);
			runOnlyForDeploymentPostprocessing = 0;
		};
		046CF1D824C07F3F00F5798A /* Resources */ = {
			isa = PBXResourcesBuildPhase;
			buildActionMask = 2147483647;
			files = (
			);
			runOnlyForDeploymentPostprocessing = 0;
		};
/* End PBXResourcesBuildPhase section */

/* Begin PBXShellScriptBuildPhase section */
		21A8D9D2F01D814D40FA94D5 /* [CP] Check Pods Manifest.lock */ = {
			isa = PBXShellScriptBuildPhase;
			buildActionMask = 2147483647;
			files = (
			);
			inputPaths = (
				"${PODS_PODFILE_DIR_PATH}/Podfile.lock",
				"${PODS_ROOT}/Manifest.lock",
			);
			name = "[CP] Check Pods Manifest.lock";
			outputPaths = (
				"$(DERIVED_FILE_DIR)/Pods-WCTMoveLearnDemo-checkManifestLockResult.txt",
			);
			runOnlyForDeploymentPostprocessing = 0;
			shellPath = /bin/sh;
			shellScript = "diff \"${PODS_PODFILE_DIR_PATH}/Podfile.lock\" \"${PODS_ROOT}/Manifest.lock\" > /dev/null\nif [ $? != 0 ] ; then\n    # print error to STDERR\n    echo \"error: The sandbox is not in sync with the Podfile.lock. Run 'pod install' or update your CocoaPods installation.\" >&2\n    exit 1\nfi\n# This output is used by Xcode 'outputs' to avoid re-running this script phase.\necho \"SUCCESS\" > \"${SCRIPT_OUTPUT_FILE_0}\"\n";
			showEnvVarsInLog = 0;
		};
		DDF213F27172959BC6C177B1 /* [CP] Copy Pods Resources */ = {
			isa = PBXShellScriptBuildPhase;
			buildActionMask = 2147483647;
			files = (
			);
			inputPaths = (
			);
			name = "[CP] Copy Pods Resources";
			outputPaths = (
			);
			runOnlyForDeploymentPostprocessing = 0;
			shellPath = /bin/sh;
			shellScript = "\"${SRCROOT}/Pods/Target Support Files/Pods-WCTMoveLearnDemo/Pods-WCTMoveLearnDemo-resources.sh\"\n";
			showEnvVarsInLog = 0;
		};
		F1005E213823637D1B3B7213 /* [CP] Embed Pods Frameworks */ = {
			isa = PBXShellScriptBuildPhase;
			buildActionMask = 2147483647;
			files = (
			);
			inputPaths = (
				"${SRCROOT}/Pods/Target Support Files/Pods-WCTMoveLearnDemo/Pods-WCTMoveLearnDemo-frameworks.sh",
				"${BUILT_PRODUCTS_DIR}/Alamofire/Alamofire.framework",
				"${BUILT_PRODUCTS_DIR}/HandyJSON/HandyJSON.framework",
				"${BUILT_PRODUCTS_DIR}/SwiftyJSON/SwiftyJSON.framework",
			);
			name = "[CP] Embed Pods Frameworks";
			outputPaths = (
				"${TARGET_BUILD_DIR}/${FRAMEWORKS_FOLDER_PATH}/Alamofire.framework",
				"${TARGET_BUILD_DIR}/${FRAMEWORKS_FOLDER_PATH}/HandyJSON.framework",
				"${TARGET_BUILD_DIR}/${FRAMEWORKS_FOLDER_PATH}/SwiftyJSON.framework",
			);
			runOnlyForDeploymentPostprocessing = 0;
			shellPath = /bin/sh;
			shellScript = "\"${SRCROOT}/Pods/Target Support Files/Pods-WCTMoveLearnDemo/Pods-WCTMoveLearnDemo-frameworks.sh\"\n";
			showEnvVarsInLog = 0;
		};
/* End PBXShellScriptBuildPhase section */

/* Begin PBXSourcesBuildPhase section */
		046CF1B524C07F3D00F5798A /* Sources */ = {
			isa = PBXSourcesBuildPhase;
			buildActionMask = 2147483647;
			files = (
				046CF22024C0A21000F5798A /* WCTMineViewController.swift in Sources */,
				04CD9D6924C297CE006BF773 /* WCTMineCellModel.swift in Sources */,
				04FC3C9A24C73AAC007A4302 /* UICollectionView+Extension.swift in Sources */,
				046CF21E24C0A21000F5798A /* AppDelegate.swift in Sources */,
				04FC3C9624C73881007A4302 /* UIView+Extension.swift in Sources */,
				04FC3C8D24C72ED3007A4302 /* WCTMineCell.swift in Sources */,
				046CF21D24C0A21000F5798A /* WCTHuoShanViewController.swift in Sources */,
				046CF22224C0A21000F5798A /* WCTTabbarController.swift in Sources */,
				046CF22324C0A21000F5798A /* WCTTabBar.swift in Sources */,
				046CF21B24C0A21000F5798A /* WCTHomeViewController.swift in Sources */,
				046CF22524C0A9D200F5798A /* WCTConst.swift in Sources */,
				04FC3C9324C7352B007A4302 /* WCTMineFansCell.swift in Sources */,
				046CF21C24C0A21000F5798A /* WCTVideoViewController.swift in Sources */,
				04CD9D6724C2000E006BF773 /* WCTNetworkTools.swift in Sources */,
				046CF22124C0A21000F5798A /* WCTNaviViewController.swift in Sources */,
				046CF22824C0AAED00F5798A /* UIColor+Extension.swift in Sources */,
				04FC3C9824C738FF007A4302 /* UITableView+Extension.swift in Sources */,
			);
			runOnlyForDeploymentPostprocessing = 0;
		};
		046CF1CB24C07F3F00F5798A /* Sources */ = {
			isa = PBXSourcesBuildPhase;
			buildActionMask = 2147483647;
			files = (
				046CF1D424C07F3F00F5798A /* WCTMoveLearnDemoTests.swift in Sources */,
			);
			runOnlyForDeploymentPostprocessing = 0;
		};
		046CF1D624C07F3F00F5798A /* Sources */ = {
			isa = PBXSourcesBuildPhase;
			buildActionMask = 2147483647;
			files = (
				046CF1DF24C07F3F00F5798A /* WCTMoveLearnDemoUITests.swift in Sources */,
			);
			runOnlyForDeploymentPostprocessing = 0;
		};
/* End PBXSourcesBuildPhase section */

/* Begin PBXTargetDependency section */
		046CF1D124C07F3F00F5798A /* PBXTargetDependency */ = {
			isa = PBXTargetDependency;
			target = 046CF1B824C07F3D00F5798A /* WCTMoveLearnDemo */;
			targetProxy = 046CF1D024C07F3F00F5798A /* PBXContainerItemProxy */;
		};
		046CF1DC24C07F3F00F5798A /* PBXTargetDependency */ = {
			isa = PBXTargetDependency;
			target = 046CF1B824C07F3D00F5798A /* WCTMoveLearnDemo */;
			targetProxy = 046CF1DB24C07F3F00F5798A /* PBXContainerItemProxy */;
		};
/* End PBXTargetDependency section */

/* Begin PBXVariantGroup section */
		046CF1C724C07F3F00F5798A /* LaunchScreen.storyboard */ = {
			isa = PBXVariantGroup;
			children = (
				046CF1C824C07F3F00F5798A /* Base */,
			);
			name = LaunchScreen.storyboard;
			sourceTree = "<group>";
		};
/* End PBXVariantGroup section */

/* Begin XCBuildConfiguration section */
		046CF1E124C07F3F00F5798A /* Debug */ = {
			isa = XCBuildConfiguration;
			buildSettings = {
				ALWAYS_SEARCH_USER_PATHS = NO;
				CLANG_ANALYZER_NONNULL = YES;
				CLANG_ANALYZER_NUMBER_OBJECT_CONVERSION = YES_AGGRESSIVE;
				CLANG_CXX_LANGUAGE_STANDARD = "gnu++14";
				CLANG_CXX_LIBRARY = "libc++";
				CLANG_ENABLE_MODULES = YES;
				CLANG_ENABLE_OBJC_ARC = YES;
				CLANG_ENABLE_OBJC_WEAK = YES;
				CLANG_WARN_BLOCK_CAPTURE_AUTORELEASING = YES;
				CLANG_WARN_BOOL_CONVERSION = YES;
				CLANG_WARN_COMMA = YES;
				CLANG_WARN_CONSTANT_CONVERSION = YES;
				CLANG_WARN_DEPRECATED_OBJC_IMPLEMENTATIONS = YES;
				CLANG_WARN_DIRECT_OBJC_ISA_USAGE = YES_ERROR;
				CLANG_WARN_DOCUMENTATION_COMMENTS = YES;
				CLANG_WARN_EMPTY_BODY = YES;
				CLANG_WARN_ENUM_CONVERSION = YES;
				CLANG_WARN_INFINITE_RECURSION = YES;
				CLANG_WARN_INT_CONVERSION = YES;
				CLANG_WARN_NON_LITERAL_NULL_CONVERSION = YES;
				CLANG_WARN_OBJC_IMPLICIT_RETAIN_SELF = YES;
				CLANG_WARN_OBJC_LITERAL_CONVERSION = YES;
				CLANG_WARN_OBJC_ROOT_CLASS = YES_ERROR;
				CLANG_WARN_RANGE_LOOP_ANALYSIS = YES;
				CLANG_WARN_STRICT_PROTOTYPES = YES;
				CLANG_WARN_SUSPICIOUS_MOVE = YES;
				CLANG_WARN_UNGUARDED_AVAILABILITY = YES_AGGRESSIVE;
				CLANG_WARN_UNREACHABLE_CODE = YES;
				CLANG_WARN__DUPLICATE_METHOD_MATCH = YES;
				COPY_PHASE_STRIP = NO;
				DEBUG_INFORMATION_FORMAT = dwarf;
				ENABLE_STRICT_OBJC_MSGSEND = YES;
				ENABLE_TESTABILITY = YES;
				GCC_C_LANGUAGE_STANDARD = gnu11;
				GCC_DYNAMIC_NO_PIC = NO;
				GCC_NO_COMMON_BLOCKS = YES;
				GCC_OPTIMIZATION_LEVEL = 0;
				GCC_PREPROCESSOR_DEFINITIONS = (
					"DEBUG=1",
					"$(inherited)",
				);
				GCC_WARN_64_TO_32_BIT_CONVERSION = YES;
				GCC_WARN_ABOUT_RETURN_TYPE = YES_ERROR;
				GCC_WARN_UNDECLARED_SELECTOR = YES;
				GCC_WARN_UNINITIALIZED_AUTOS = YES_AGGRESSIVE;
				GCC_WARN_UNUSED_FUNCTION = YES;
				GCC_WARN_UNUSED_VARIABLE = YES;
				IPHONEOS_DEPLOYMENT_TARGET = 13.0;
				MTL_ENABLE_DEBUG_INFO = INCLUDE_SOURCE;
				MTL_FAST_MATH = YES;
				ONLY_ACTIVE_ARCH = YES;
				SDKROOT = iphoneos;
				SWIFT_ACTIVE_COMPILATION_CONDITIONS = DEBUG;
				SWIFT_OPTIMIZATION_LEVEL = "-Onone";
			};
			name = Debug;
		};
		046CF1E224C07F3F00F5798A /* Release */ = {
			isa = XCBuildConfiguration;
			buildSettings = {
				ALWAYS_SEARCH_USER_PATHS = NO;
				CLANG_ANALYZER_NONNULL = YES;
				CLANG_ANALYZER_NUMBER_OBJECT_CONVERSION = YES_AGGRESSIVE;
				CLANG_CXX_LANGUAGE_STANDARD = "gnu++14";
				CLANG_CXX_LIBRARY = "libc++";
				CLANG_ENABLE_MODULES = YES;
				CLANG_ENABLE_OBJC_ARC = YES;
				CLANG_ENABLE_OBJC_WEAK = YES;
				CLANG_WARN_BLOCK_CAPTURE_AUTORELEASING = YES;
				CLANG_WARN_BOOL_CONVERSION = YES;
				CLANG_WARN_COMMA = YES;
				CLANG_WARN_CONSTANT_CONVERSION = YES;
				CLANG_WARN_DEPRECATED_OBJC_IMPLEMENTATIONS = YES;
				CLANG_WARN_DIRECT_OBJC_ISA_USAGE = YES_ERROR;
				CLANG_WARN_DOCUMENTATION_COMMENTS = YES;
				CLANG_WARN_EMPTY_BODY = YES;
				CLANG_WARN_ENUM_CONVERSION = YES;
				CLANG_WARN_INFINITE_RECURSION = YES;
				CLANG_WARN_INT_CONVERSION = YES;
				CLANG_WARN_NON_LITERAL_NULL_CONVERSION = YES;
				CLANG_WARN_OBJC_IMPLICIT_RETAIN_SELF = YES;
				CLANG_WARN_OBJC_LITERAL_CONVERSION = YES;
				CLANG_WARN_OBJC_ROOT_CLASS = YES_ERROR;
				CLANG_WARN_RANGE_LOOP_ANALYSIS = YES;
				CLANG_WARN_STRICT_PROTOTYPES = YES;
				CLANG_WARN_SUSPICIOUS_MOVE = YES;
				CLANG_WARN_UNGUARDED_AVAILABILITY = YES_AGGRESSIVE;
				CLANG_WARN_UNREACHABLE_CODE = YES;
				CLANG_WARN__DUPLICATE_METHOD_MATCH = YES;
				COPY_PHASE_STRIP = NO;
				DEBUG_INFORMATION_FORMAT = "dwarf-with-dsym";
				ENABLE_NS_ASSERTIONS = NO;
				ENABLE_STRICT_OBJC_MSGSEND = YES;
				GCC_C_LANGUAGE_STANDARD = gnu11;
				GCC_NO_COMMON_BLOCKS = YES;
				GCC_WARN_64_TO_32_BIT_CONVERSION = YES;
				GCC_WARN_ABOUT_RETURN_TYPE = YES_ERROR;
				GCC_WARN_UNDECLARED_SELECTOR = YES;
				GCC_WARN_UNINITIALIZED_AUTOS = YES_AGGRESSIVE;
				GCC_WARN_UNUSED_FUNCTION = YES;
				GCC_WARN_UNUSED_VARIABLE = YES;
				IPHONEOS_DEPLOYMENT_TARGET = 13.0;
				MTL_ENABLE_DEBUG_INFO = NO;
				MTL_FAST_MATH = YES;
				SDKROOT = iphoneos;
				SWIFT_COMPILATION_MODE = wholemodule;
				SWIFT_OPTIMIZATION_LEVEL = "-O";
				VALIDATE_PRODUCT = YES;
			};
			name = Release;
		};
		046CF1E424C07F3F00F5798A /* Debug */ = {
			isa = XCBuildConfiguration;
			baseConfigurationReference = C6161716C5E81BC5F684F2B8 /* Pods-WCTMoveLearnDemo.debug.xcconfig */;
			buildSettings = {
				ASSETCATALOG_COMPILER_APPICON_NAME = AppIcon;
				CODE_SIGN_STYLE = Automatic;
				DEVELOPMENT_TEAM = VVTLVSMJ6Q;
				INFOPLIST_FILE = "$(SRCROOT)/WCTMoveLearnDemo/Classes/Others/Info.plist";
				LD_RUNPATH_SEARCH_PATHS = (
					"$(inherited)",
					"@executable_path/Frameworks",
				);
				PRODUCT_BUNDLE_IDENTIFIER = "wctloveios-163.com.WCTMoveLearnDemo";
				PRODUCT_NAME = "$(TARGET_NAME)";
				SWIFT_VERSION = 5.0;
				TARGETED_DEVICE_FAMILY = "1,2";
			};
			name = Debug;
		};
		046CF1E524C07F3F00F5798A /* Release */ = {
			isa = XCBuildConfiguration;
			baseConfigurationReference = 688A3C7425286299079B6194 /* Pods-WCTMoveLearnDemo.release.xcconfig */;
			buildSettings = {
				ASSETCATALOG_COMPILER_APPICON_NAME = AppIcon;
				CODE_SIGN_STYLE = Automatic;
				DEVELOPMENT_TEAM = VVTLVSMJ6Q;
				INFOPLIST_FILE = "$(SRCROOT)/WCTMoveLearnDemo/Classes/Others/Info.plist";
				LD_RUNPATH_SEARCH_PATHS = (
					"$(inherited)",
					"@executable_path/Frameworks",
				);
				PRODUCT_BUNDLE_IDENTIFIER = "wctloveios-163.com.WCTMoveLearnDemo";
				PRODUCT_NAME = "$(TARGET_NAME)";
				SWIFT_VERSION = 5.0;
				TARGETED_DEVICE_FAMILY = "1,2";
			};
			name = Release;
		};
		046CF1E724C07F3F00F5798A /* Debug */ = {
			isa = XCBuildConfiguration;
			buildSettings = {
				ALWAYS_EMBED_SWIFT_STANDARD_LIBRARIES = YES;
				BUNDLE_LOADER = "$(TEST_HOST)";
				CODE_SIGN_STYLE = Automatic;
				DEVELOPMENT_TEAM = VVTLVSMJ6Q;
				INFOPLIST_FILE = WCTMoveLearnDemoTests/Info.plist;
				IPHONEOS_DEPLOYMENT_TARGET = 13.0;
				LD_RUNPATH_SEARCH_PATHS = (
					"$(inherited)",
					"@executable_path/Frameworks",
					"@loader_path/Frameworks",
				);
				PRODUCT_BUNDLE_IDENTIFIER = "wctloveios-163.com.WCTMoveLearnDemoTests";
				PRODUCT_NAME = "$(TARGET_NAME)";
				SWIFT_VERSION = 5.0;
				TARGETED_DEVICE_FAMILY = "1,2";
				TEST_HOST = "$(BUILT_PRODUCTS_DIR)/WCTMoveLearnDemo.app/WCTMoveLearnDemo";
			};
			name = Debug;
		};
		046CF1E824C07F3F00F5798A /* Release */ = {
			isa = XCBuildConfiguration;
			buildSettings = {
				ALWAYS_EMBED_SWIFT_STANDARD_LIBRARIES = YES;
				BUNDLE_LOADER = "$(TEST_HOST)";
				CODE_SIGN_STYLE = Automatic;
				DEVELOPMENT_TEAM = VVTLVSMJ6Q;
				INFOPLIST_FILE = WCTMoveLearnDemoTests/Info.plist;
				IPHONEOS_DEPLOYMENT_TARGET = 13.0;
				LD_RUNPATH_SEARCH_PATHS = (
					"$(inherited)",
					"@executable_path/Frameworks",
					"@loader_path/Frameworks",
				);
				PRODUCT_BUNDLE_IDENTIFIER = "wctloveios-163.com.WCTMoveLearnDemoTests";
				PRODUCT_NAME = "$(TARGET_NAME)";
				SWIFT_VERSION = 5.0;
				TARGETED_DEVICE_FAMILY = "1,2";
				TEST_HOST = "$(BUILT_PRODUCTS_DIR)/WCTMoveLearnDemo.app/WCTMoveLearnDemo";
			};
			name = Release;
		};
		046CF1EA24C07F3F00F5798A /* Debug */ = {
			isa = XCBuildConfiguration;
			buildSettings = {
				ALWAYS_EMBED_SWIFT_STANDARD_LIBRARIES = YES;
				CODE_SIGN_STYLE = Automatic;
				DEVELOPMENT_TEAM = VVTLVSMJ6Q;
				INFOPLIST_FILE = WCTMoveLearnDemoUITests/Info.plist;
				LD_RUNPATH_SEARCH_PATHS = (
					"$(inherited)",
					"@executable_path/Frameworks",
					"@loader_path/Frameworks",
				);
				PRODUCT_BUNDLE_IDENTIFIER = "wctloveios-163.com.WCTMoveLearnDemoUITests";
				PRODUCT_NAME = "$(TARGET_NAME)";
				SWIFT_VERSION = 5.0;
				TARGETED_DEVICE_FAMILY = "1,2";
				TEST_TARGET_NAME = WCTMoveLearnDemo;
			};
			name = Debug;
		};
		046CF1EB24C07F3F00F5798A /* Release */ = {
			isa = XCBuildConfiguration;
			buildSettings = {
				ALWAYS_EMBED_SWIFT_STANDARD_LIBRARIES = YES;
				CODE_SIGN_STYLE = Automatic;
				DEVELOPMENT_TEAM = VVTLVSMJ6Q;
				INFOPLIST_FILE = WCTMoveLearnDemoUITests/Info.plist;
				LD_RUNPATH_SEARCH_PATHS = (
					"$(inherited)",
					"@executable_path/Frameworks",
					"@loader_path/Frameworks",
				);
				PRODUCT_BUNDLE_IDENTIFIER = "wctloveios-163.com.WCTMoveLearnDemoUITests";
				PRODUCT_NAME = "$(TARGET_NAME)";
				SWIFT_VERSION = 5.0;
				TARGETED_DEVICE_FAMILY = "1,2";
				TEST_TARGET_NAME = WCTMoveLearnDemo;
			};
			name = Release;
		};
/* End XCBuildConfiguration section */

/* Begin XCConfigurationList section */
		046CF1B424C07F3D00F5798A /* Build configuration list for PBXProject "WCTMoveLearnDemo" */ = {
			isa = XCConfigurationList;
			buildConfigurations = (
				046CF1E124C07F3F00F5798A /* Debug */,
				046CF1E224C07F3F00F5798A /* Release */,
			);
			defaultConfigurationIsVisible = 0;
			defaultConfigurationName = Release;
		};
		046CF1E324C07F3F00F5798A /* Build configuration list for PBXNativeTarget "WCTMoveLearnDemo" */ = {
			isa = XCConfigurationList;
			buildConfigurations = (
				046CF1E424C07F3F00F5798A /* Debug */,
				046CF1E524C07F3F00F5798A /* Release */,
			);
			defaultConfigurationIsVisible = 0;
			defaultConfigurationName = Release;
		};
		046CF1E624C07F3F00F5798A /* Build configuration list for PBXNativeTarget "WCTMoveLearnDemoTests" */ = {
			isa = XCConfigurationList;
			buildConfigurations = (
				046CF1E724C07F3F00F5798A /* Debug */,
				046CF1E824C07F3F00F5798A /* Release */,
			);
			defaultConfigurationIsVisible = 0;
			defaultConfigurationName = Release;
		};
		046CF1E924C07F3F00F5798A /* Build configuration list for PBXNativeTarget "WCTMoveLearnDemoUITests" */ = {
			isa = XCConfigurationList;
			buildConfigurations = (
				046CF1EA24C07F3F00F5798A /* Debug */,
				046CF1EB24C07F3F00F5798A /* Release */,
			);
			defaultConfigurationIsVisible = 0;
			defaultConfigurationName = Release;
		};
/* End XCConfigurationList section */
	};
	rootObject = 046CF1B124C07F3D00F5798A /* Project object */;
}
