// !$*UTF8*$!
{
	archiveVersion = 1;
	classes = {
	};
	objectVersion = 50;
	objects = {

/* Begin PBXBuildFile section */
		042C7D2E24B20FBE00CE11D2 /* WCTUserDefaultManager.swift in Sources */ = {isa = PBXBuildFile; fileRef = 042C7D2D24B20FBE00CE11D2 /* WCTUserDefaultManager.swift */; };
		042C7D3124B22C0900CE11D2 /* WCTAccountManager.swift in Sources */ = {isa = PBXBuildFile; fileRef = 042C7D3024B22C0900CE11D2 /* WCTAccountManager.swift */; };
		04D74EE424B0D959008D0E3B /* AppDelegate.swift in Sources */ = {isa = PBXBuildFile; fileRef = 04D74EE324B0D959008D0E3B /* AppDelegate.swift */; };
		04D74EED24B0D95A008D0E3B /* Assets.xcassets in Resources */ = {isa = PBXBuildFile; fileRef = 04D74EEC24B0D95A008D0E3B /* Assets.xcassets */; };
		04D74EFB24B0D95A008D0E3B /* WCTLoveLJDemoTests.swift in Sources */ = {isa = PBXBuildFile; fileRef = 04D74EFA24B0D95A008D0E3B /* WCTLoveLJDemoTests.swift */; };
		04D74F0624B0D95A008D0E3B /* WCTLoveLJDemoUITests.swift in Sources */ = {isa = PBXBuildFile; fileRef = 04D74F0524B0D95A008D0E3B /* WCTLoveLJDemoUITests.swift */; };
		04D74F1524B0DBD7008D0E3B /* WCTLoginViewController.swift in Sources */ = {isa = PBXBuildFile; fileRef = 04D74F1424B0DBD7008D0E3B /* WCTLoginViewController.swift */; };
		04D74F1724B0DBEF008D0E3B /* WCTRegisterViewController.swift in Sources */ = {isa = PBXBuildFile; fileRef = 04D74F1624B0DBEF008D0E3B /* WCTRegisterViewController.swift */; };
		04D74F1924B0DC02008D0E3B /* WCTSetPassWordViewController.swift in Sources */ = {isa = PBXBuildFile; fileRef = 04D74F1824B0DC02008D0E3B /* WCTSetPassWordViewController.swift */; };
		04D74F1F24B0DC4E008D0E3B /* WCTHomeViewController.swift in Sources */ = {isa = PBXBuildFile; fileRef = 04D74F1E24B0DC4E008D0E3B /* WCTHomeViewController.swift */; };
		04D74F2124B0DC78008D0E3B /* WCTAccountDetailViewController.swift in Sources */ = {isa = PBXBuildFile; fileRef = 04D74F2024B0DC78008D0E3B /* WCTAccountDetailViewController.swift */; };
		04D74F2524B0DDA4008D0E3B /* WCTWifeViewController.swift in Sources */ = {isa = PBXBuildFile; fileRef = 04D74F2424B0DDA4008D0E3B /* WCTWifeViewController.swift */; };
		04D74F2924B0DE2F008D0E3B /* WCTUserCenterViewController.swift in Sources */ = {isa = PBXBuildFile; fileRef = 04D74F2824B0DE2F008D0E3B /* WCTUserCenterViewController.swift */; };
		04D74F2B24B0DEA8008D0E3B /* WCTTabbarViewContrller.swift in Sources */ = {isa = PBXBuildFile; fileRef = 04D74F2A24B0DEA8008D0E3B /* WCTTabbarViewContrller.swift */; };
		04D74F2D24B0E3BA008D0E3B /* Launch.jpg in Resources */ = {isa = PBXBuildFile; fileRef = 04D74F2C24B0E3BA008D0E3B /* Launch.jpg */; };
		3584ACFE911A3B4C35B5029E /* Pods_WCTLoveLJDemo.framework in Frameworks */ = {isa = PBXBuildFile; fileRef = E5A1261A5692F6D089C13219 /* Pods_WCTLoveLJDemo.framework */; };
/* End PBXBuildFile section */

/* Begin PBXContainerItemProxy section */
		04D74EF724B0D95A008D0E3B /* PBXContainerItemProxy */ = {
			isa = PBXContainerItemProxy;
			containerPortal = 04D74ED824B0D959008D0E3B /* Project object */;
			proxyType = 1;
			remoteGlobalIDString = 04D74EDF24B0D959008D0E3B;
			remoteInfo = WCTLoveLJDemo;
		};
		04D74F0224B0D95A008D0E3B /* PBXContainerItemProxy */ = {
			isa = PBXContainerItemProxy;
			containerPortal = 04D74ED824B0D959008D0E3B /* Project object */;
			proxyType = 1;
			remoteGlobalIDString = 04D74EDF24B0D959008D0E3B;
			remoteInfo = WCTLoveLJDemo;
		};
/* End PBXContainerItemProxy section */

/* Begin PBXFileReference section */
		042C7D2D24B20FBE00CE11D2 /* WCTUserDefaultManager.swift */ = {isa = PBXFileReference; lastKnownFileType = sourcecode.swift; path = WCTUserDefaultManager.swift; sourceTree = "<group>"; };
		042C7D3024B22C0900CE11D2 /* WCTAccountManager.swift */ = {isa = PBXFileReference; lastKnownFileType = sourcecode.swift; path = WCTAccountManager.swift; sourceTree = "<group>"; };
		04D74EE024B0D959008D0E3B /* WCTLoveLJDemo.app */ = {isa = PBXFileReference; explicitFileType = wrapper.application; includeInIndex = 0; path = WCTLoveLJDemo.app; sourceTree = BUILT_PRODUCTS_DIR; };
		04D74EE324B0D959008D0E3B /* AppDelegate.swift */ = {isa = PBXFileReference; lastKnownFileType = sourcecode.swift; path = AppDelegate.swift; sourceTree = "<group>"; };
		04D74EEC24B0D95A008D0E3B /* Assets.xcassets */ = {isa = PBXFileReference; lastKnownFileType = folder.assetcatalog; path = Assets.xcassets; sourceTree = "<group>"; };
		04D74EF124B0D95A008D0E3B /* Info.plist */ = {isa = PBXFileReference; lastKnownFileType = text.plist.xml; path = Info.plist; sourceTree = "<group>"; };
		04D74EF624B0D95A008D0E3B /* WCTLoveLJDemoTests.xctest */ = {isa = PBXFileReference; explicitFileType = wrapper.cfbundle; includeInIndex = 0; path = WCTLoveLJDemoTests.xctest; sourceTree = BUILT_PRODUCTS_DIR; };
		04D74EFA24B0D95A008D0E3B /* WCTLoveLJDemoTests.swift */ = {isa = PBXFileReference; lastKnownFileType = sourcecode.swift; path = WCTLoveLJDemoTests.swift; sourceTree = "<group>"; };
		04D74EFC24B0D95A008D0E3B /* Info.plist */ = {isa = PBXFileReference; lastKnownFileType = text.plist.xml; path = Info.plist; sourceTree = "<group>"; };
		04D74F0124B0D95A008D0E3B /* WCTLoveLJDemoUITests.xctest */ = {isa = PBXFileReference; explicitFileType = wrapper.cfbundle; includeInIndex = 0; path = WCTLoveLJDemoUITests.xctest; sourceTree = BUILT_PRODUCTS_DIR; };
		04D74F0524B0D95A008D0E3B /* WCTLoveLJDemoUITests.swift */ = {isa = PBXFileReference; lastKnownFileType = sourcecode.swift; path = WCTLoveLJDemoUITests.swift; sourceTree = "<group>"; };
		04D74F0724B0D95A008D0E3B /* Info.plist */ = {isa = PBXFileReference; lastKnownFileType = text.plist.xml; path = Info.plist; sourceTree = "<group>"; };
		04D74F1424B0DBD7008D0E3B /* WCTLoginViewController.swift */ = {isa = PBXFileReference; lastKnownFileType = sourcecode.swift; path = WCTLoginViewController.swift; sourceTree = "<group>"; };
		04D74F1624B0DBEF008D0E3B /* WCTRegisterViewController.swift */ = {isa = PBXFileReference; lastKnownFileType = sourcecode.swift; path = WCTRegisterViewController.swift; sourceTree = "<group>"; };
		04D74F1824B0DC02008D0E3B /* WCTSetPassWordViewController.swift */ = {isa = PBXFileReference; lastKnownFileType = sourcecode.swift; path = WCTSetPassWordViewController.swift; sourceTree = "<group>"; };
		04D74F1E24B0DC4E008D0E3B /* WCTHomeViewController.swift */ = {isa = PBXFileReference; lastKnownFileType = sourcecode.swift; path = WCTHomeViewController.swift; sourceTree = "<group>"; };
		04D74F2024B0DC78008D0E3B /* WCTAccountDetailViewController.swift */ = {isa = PBXFileReference; lastKnownFileType = sourcecode.swift; path = WCTAccountDetailViewController.swift; sourceTree = "<group>"; };
		04D74F2424B0DDA4008D0E3B /* WCTWifeViewController.swift */ = {isa = PBXFileReference; lastKnownFileType = sourcecode.swift; path = WCTWifeViewController.swift; sourceTree = "<group>"; };
		04D74F2824B0DE2F008D0E3B /* WCTUserCenterViewController.swift */ = {isa = PBXFileReference; lastKnownFileType = sourcecode.swift; path = WCTUserCenterViewController.swift; sourceTree = "<group>"; };
		04D74F2A24B0DEA8008D0E3B /* WCTTabbarViewContrller.swift */ = {isa = PBXFileReference; lastKnownFileType = sourcecode.swift; path = WCTTabbarViewContrller.swift; sourceTree = "<group>"; };
		04D74F2C24B0E3BA008D0E3B /* Launch.jpg */ = {isa = PBXFileReference; lastKnownFileType = image.jpeg; path = Launch.jpg; sourceTree = "<group>"; };
		A4EB2888F6D5802E91A43B08 /* Pods-WCTLoveLJDemo.release.xcconfig */ = {isa = PBXFileReference; includeInIndex = 1; lastKnownFileType = text.xcconfig; name = "Pods-WCTLoveLJDemo.release.xcconfig"; path = "Pods/Target Support Files/Pods-WCTLoveLJDemo/Pods-WCTLoveLJDemo.release.xcconfig"; sourceTree = "<group>"; };
		E5A1261A5692F6D089C13219 /* Pods_WCTLoveLJDemo.framework */ = {isa = PBXFileReference; explicitFileType = wrapper.framework; includeInIndex = 0; path = Pods_WCTLoveLJDemo.framework; sourceTree = BUILT_PRODUCTS_DIR; };
		F09B00283C3CE93D6C485399 /* Pods-WCTLoveLJDemo.debug.xcconfig */ = {isa = PBXFileReference; includeInIndex = 1; lastKnownFileType = text.xcconfig; name = "Pods-WCTLoveLJDemo.debug.xcconfig"; path = "Pods/Target Support Files/Pods-WCTLoveLJDemo/Pods-WCTLoveLJDemo.debug.xcconfig"; sourceTree = "<group>"; };
/* End PBXFileReference section */

/* Begin PBXFrameworksBuildPhase section */
		04D74EDD24B0D959008D0E3B /* Frameworks */ = {
			isa = PBXFrameworksBuildPhase;
			buildActionMask = 2147483647;
			files = (
				3584ACFE911A3B4C35B5029E /* Pods_WCTLoveLJDemo.framework in Frameworks */,
			);
			runOnlyForDeploymentPostprocessing = 0;
		};
		04D74EF324B0D95A008D0E3B /* Frameworks */ = {
			isa = PBXFrameworksBuildPhase;
			buildActionMask = 2147483647;
			files = (
			);
			runOnlyForDeploymentPostprocessing = 0;
		};
		04D74EFE24B0D95A008D0E3B /* Frameworks */ = {
			isa = PBXFrameworksBuildPhase;
			buildActionMask = 2147483647;
			files = (
			);
			runOnlyForDeploymentPostprocessing = 0;
		};
/* End PBXFrameworksBuildPhase section */

/* Begin PBXGroup section */
		042C7D2F24B20FCB00CE11D2 /* Manager */ = {
			isa = PBXGroup;
			children = (
				042C7D2D24B20FBE00CE11D2 /* WCTUserDefaultManager.swift */,
			);
			path = Manager;
			sourceTree = "<group>";
		};
		04D74ED724B0D959008D0E3B = {
			isa = PBXGroup;
			children = (
				04D74EE224B0D959008D0E3B /* WCTLoveLJDemo */,
				04D74EF924B0D95A008D0E3B /* WCTLoveLJDemoTests */,
				04D74F0424B0D95A008D0E3B /* WCTLoveLJDemoUITests */,
				04D74EE124B0D959008D0E3B /* Products */,
				F75E55DB86E89F5D2B17B4D4 /* Pods */,
				5C278807EA42CAF1B05D67BB /* Frameworks */,
			);
			sourceTree = "<group>";
		};
		04D74EE124B0D959008D0E3B /* Products */ = {
			isa = PBXGroup;
			children = (
				04D74EE024B0D959008D0E3B /* WCTLoveLJDemo.app */,
				04D74EF624B0D95A008D0E3B /* WCTLoveLJDemoTests.xctest */,
				04D74F0124B0D95A008D0E3B /* WCTLoveLJDemoUITests.xctest */,
			);
			name = Products;
			sourceTree = "<group>";
		};
		04D74EE224B0D959008D0E3B /* WCTLoveLJDemo */ = {
			isa = PBXGroup;
			children = (
				04D74F2C24B0E3BA008D0E3B /* Launch.jpg */,
				04D74EE324B0D959008D0E3B /* AppDelegate.swift */,
				042C7D2F24B20FCB00CE11D2 /* Manager */,
				04D74F1D24B0DC39008D0E3B /* TabBar */,
				04D74F1324B0DBB9008D0E3B /* UserAccount */,
				04D74EEC24B0D95A008D0E3B /* Assets.xcassets */,
				04D74EF124B0D95A008D0E3B /* Info.plist */,
			);
			path = WCTLoveLJDemo;
			sourceTree = "<group>";
		};
		04D74EF924B0D95A008D0E3B /* WCTLoveLJDemoTests */ = {
			isa = PBXGroup;
			children = (
				04D74EFA24B0D95A008D0E3B /* WCTLoveLJDemoTests.swift */,
				04D74EFC24B0D95A008D0E3B /* Info.plist */,
			);
			path = WCTLoveLJDemoTests;
			sourceTree = "<group>";
		};
		04D74F0424B0D95A008D0E3B /* WCTLoveLJDemoUITests */ = {
			isa = PBXGroup;
			children = (
				04D74F0524B0D95A008D0E3B /* WCTLoveLJDemoUITests.swift */,
				04D74F0724B0D95A008D0E3B /* Info.plist */,
			);
			path = WCTLoveLJDemoUITests;
			sourceTree = "<group>";
		};
		04D74F1324B0DBB9008D0E3B /* UserAccount */ = {
			isa = PBXGroup;
			children = (
				04D74F1C24B0DC1F008D0E3B /* ViewController */,
				042C7D3024B22C0900CE11D2 /* WCTAccountManager.swift */,
			);
			path = UserAccount;
			sourceTree = "<group>";
		};
		04D74F1C24B0DC1F008D0E3B /* ViewController */ = {
			isa = PBXGroup;
			children = (
				04D74F1424B0DBD7008D0E3B /* WCTLoginViewController.swift */,
				04D74F1624B0DBEF008D0E3B /* WCTRegisterViewController.swift */,
				04D74F1824B0DC02008D0E3B /* WCTSetPassWordViewController.swift */,
				04D74F2024B0DC78008D0E3B /* WCTAccountDetailViewController.swift */,
			);
			path = ViewController;
			sourceTree = "<group>";
		};
		04D74F1D24B0DC39008D0E3B /* TabBar */ = {
			isa = PBXGroup;
			children = (
				04D74F1E24B0DC4E008D0E3B /* WCTHomeViewController.swift */,
				04D74F2824B0DE2F008D0E3B /* WCTUserCenterViewController.swift */,
				04D74F2424B0DDA4008D0E3B /* WCTWifeViewController.swift */,
				04D74F2A24B0DEA8008D0E3B /* WCTTabbarViewContrller.swift */,
			);
			path = TabBar;
			sourceTree = "<group>";
		};
		5C278807EA42CAF1B05D67BB /* Frameworks */ = {
			isa = PBXGroup;
			children = (
				E5A1261A5692F6D089C13219 /* Pods_WCTLoveLJDemo.framework */,
			);
			name = Frameworks;
			sourceTree = "<group>";
		};
		F75E55DB86E89F5D2B17B4D4 /* Pods */ = {
			isa = PBXGroup;
			children = (
				F09B00283C3CE93D6C485399 /* Pods-WCTLoveLJDemo.debug.xcconfig */,
				A4EB2888F6D5802E91A43B08 /* Pods-WCTLoveLJDemo.release.xcconfig */,
			);
			name = Pods;
			sourceTree = "<group>";
		};
/* End PBXGroup section */

/* Begin PBXNativeTarget section */
		04D74EDF24B0D959008D0E3B /* WCTLoveLJDemo */ = {
			isa = PBXNativeTarget;
			buildConfigurationList = 04D74F0A24B0D95A008D0E3B /* Build configuration list for PBXNativeTarget "WCTLoveLJDemo" */;
			buildPhases = (
				D205BC76E6C50D74F48EC9B7 /* [CP] Check Pods Manifest.lock */,
				04D74EDC24B0D959008D0E3B /* Sources */,
				04D74EDD24B0D959008D0E3B /* Frameworks */,
				04D74EDE24B0D959008D0E3B /* Resources */,
				2D23280AB9C94FA781F6A325 /* [CP] Embed Pods Frameworks */,
				A0FBC7A7FA9D36188E751351 /* [CP] Copy Pods Resources */,
			);
			buildRules = (
			);
			dependencies = (
			);
			name = WCTLoveLJDemo;
			productName = WCTLoveLJDemo;
			productReference = 04D74EE024B0D959008D0E3B /* WCTLoveLJDemo.app */;
			productType = "com.apple.product-type.application";
		};
		04D74EF524B0D95A008D0E3B /* WCTLoveLJDemoTests */ = {
			isa = PBXNativeTarget;
			buildConfigurationList = 04D74F0D24B0D95A008D0E3B /* Build configuration list for PBXNativeTarget "WCTLoveLJDemoTests" */;
			buildPhases = (
				04D74EF224B0D95A008D0E3B /* Sources */,
				04D74EF324B0D95A008D0E3B /* Frameworks */,
				04D74EF424B0D95A008D0E3B /* Resources */,
			);
			buildRules = (
			);
			dependencies = (
				04D74EF824B0D95A008D0E3B /* PBXTargetDependency */,
			);
			name = WCTLoveLJDemoTests;
			productName = WCTLoveLJDemoTests;
			productReference = 04D74EF624B0D95A008D0E3B /* WCTLoveLJDemoTests.xctest */;
			productType = "com.apple.product-type.bundle.unit-test";
		};
		04D74F0024B0D95A008D0E3B /* WCTLoveLJDemoUITests */ = {
			isa = PBXNativeTarget;
			buildConfigurationList = 04D74F1024B0D95A008D0E3B /* Build configuration list for PBXNativeTarget "WCTLoveLJDemoUITests" */;
			buildPhases = (
				04D74EFD24B0D95A008D0E3B /* Sources */,
				04D74EFE24B0D95A008D0E3B /* Frameworks */,
				04D74EFF24B0D95A008D0E3B /* Resources */,
			);
			buildRules = (
			);
			dependencies = (
				04D74F0324B0D95A008D0E3B /* PBXTargetDependency */,
			);
			name = WCTLoveLJDemoUITests;
			productName = WCTLoveLJDemoUITests;
			productReference = 04D74F0124B0D95A008D0E3B /* WCTLoveLJDemoUITests.xctest */;
			productType = "com.apple.product-type.bundle.ui-testing";
		};
/* End PBXNativeTarget section */

/* Begin PBXProject section */
		04D74ED824B0D959008D0E3B /* Project object */ = {
			isa = PBXProject;
			attributes = {
				LastSwiftUpdateCheck = 1100;
				LastUpgradeCheck = 1100;
				ORGANIZATIONNAME = wct;
				TargetAttributes = {
					04D74EDF24B0D959008D0E3B = {
						CreatedOnToolsVersion = 11.0;
					};
					04D74EF524B0D95A008D0E3B = {
						CreatedOnToolsVersion = 11.0;
						TestTargetID = 04D74EDF24B0D959008D0E3B;
					};
					04D74F0024B0D95A008D0E3B = {
						CreatedOnToolsVersion = 11.0;
						TestTargetID = 04D74EDF24B0D959008D0E3B;
					};
				};
			};
			buildConfigurationList = 04D74EDB24B0D959008D0E3B /* Build configuration list for PBXProject "WCTLoveLJDemo" */;
			compatibilityVersion = "Xcode 9.3";
			developmentRegion = en;
			hasScannedForEncodings = 0;
			knownRegions = (
				en,
				Base,
			);
			mainGroup = 04D74ED724B0D959008D0E3B;
			productRefGroup = 04D74EE124B0D959008D0E3B /* Products */;
			projectDirPath = "";
			projectRoot = "";
			targets = (
				04D74EDF24B0D959008D0E3B /* WCTLoveLJDemo */,
				04D74EF524B0D95A008D0E3B /* WCTLoveLJDemoTests */,
				04D74F0024B0D95A008D0E3B /* WCTLoveLJDemoUITests */,
			);
		};
/* End PBXProject section */

/* Begin PBXResourcesBuildPhase section */
		04D74EDE24B0D959008D0E3B /* Resources */ = {
			isa = PBXResourcesBuildPhase;
			buildActionMask = 2147483647;
			files = (
				04D74EED24B0D95A008D0E3B /* Assets.xcassets in Resources */,
				04D74F2D24B0E3BA008D0E3B /* Launch.jpg in Resources */,
			);
			runOnlyForDeploymentPostprocessing = 0;
		};
		04D74EF424B0D95A008D0E3B /* Resources */ = {
			isa = PBXResourcesBuildPhase;
			buildActionMask = 2147483647;
			files = (
			);
			runOnlyForDeploymentPostprocessing = 0;
		};
		04D74EFF24B0D95A008D0E3B /* Resources */ = {
			isa = PBXResourcesBuildPhase;
			buildActionMask = 2147483647;
			files = (
			);
			runOnlyForDeploymentPostprocessing = 0;
		};
/* End PBXResourcesBuildPhase section */

/* Begin PBXShellScriptBuildPhase section */
		2D23280AB9C94FA781F6A325 /* [CP] Embed Pods Frameworks */ = {
			isa = PBXShellScriptBuildPhase;
			buildActionMask = 2147483647;
			files = (
			);
			inputPaths = (
				"${SRCROOT}/Pods/Target Support Files/Pods-WCTLoveLJDemo/Pods-WCTLoveLJDemo-frameworks.sh",
				"${BUILT_PRODUCTS_DIR}/SnapKit/SnapKit.framework",
			);
			name = "[CP] Embed Pods Frameworks";
			outputPaths = (
				"${TARGET_BUILD_DIR}/${FRAMEWORKS_FOLDER_PATH}/SnapKit.framework",
			);
			runOnlyForDeploymentPostprocessing = 0;
			shellPath = /bin/sh;
			shellScript = "\"${SRCROOT}/Pods/Target Support Files/Pods-WCTLoveLJDemo/Pods-WCTLoveLJDemo-frameworks.sh\"\n";
			showEnvVarsInLog = 0;
		};
		A0FBC7A7FA9D36188E751351 /* [CP] Copy Pods Resources */ = {
			isa = PBXShellScriptBuildPhase;
			buildActionMask = 2147483647;
			files = (
			);
			inputPaths = (
			);
			name = "[CP] Copy Pods Resources";
			outputPaths = (
			);
			runOnlyForDeploymentPostprocessing = 0;
			shellPath = /bin/sh;
			shellScript = "\"${SRCROOT}/Pods/Target Support Files/Pods-WCTLoveLJDemo/Pods-WCTLoveLJDemo-resources.sh\"\n";
			showEnvVarsInLog = 0;
		};
		D205BC76E6C50D74F48EC9B7 /* [CP] Check Pods Manifest.lock */ = {
			isa = PBXShellScriptBuildPhase;
			buildActionMask = 2147483647;
			files = (
			);
			inputPaths = (
				"${PODS_PODFILE_DIR_PATH}/Podfile.lock",
				"${PODS_ROOT}/Manifest.lock",
			);
			name = "[CP] Check Pods Manifest.lock";
			outputPaths = (
				"$(DERIVED_FILE_DIR)/Pods-WCTLoveLJDemo-checkManifestLockResult.txt",
			);
			runOnlyForDeploymentPostprocessing = 0;
			shellPath = /bin/sh;
			shellScript = "diff \"${PODS_PODFILE_DIR_PATH}/Podfile.lock\" \"${PODS_ROOT}/Manifest.lock\" > /dev/null\nif [ $? != 0 ] ; then\n    # print error to STDERR\n    echo \"error: The sandbox is not in sync with the Podfile.lock. Run 'pod install' or update your CocoaPods installation.\" >&2\n    exit 1\nfi\n# This output is used by Xcode 'outputs' to avoid re-running this script phase.\necho \"SUCCESS\" > \"${SCRIPT_OUTPUT_FILE_0}\"\n";
			showEnvVarsInLog = 0;
		};
/* End PBXShellScriptBuildPhase section */

/* Begin PBXSourcesBuildPhase section */
		04D74EDC24B0D959008D0E3B /* Sources */ = {
			isa = PBXSourcesBuildPhase;
			buildActionMask = 2147483647;
			files = (
				04D74F1724B0DBEF008D0E3B /* WCTRegisterViewController.swift in Sources */,
				04D74F2924B0DE2F008D0E3B /* WCTUserCenterViewController.swift in Sources */,
				04D74F1524B0DBD7008D0E3B /* WCTLoginViewController.swift in Sources */,
				042C7D2E24B20FBE00CE11D2 /* WCTUserDefaultManager.swift in Sources */,
				04D74F2B24B0DEA8008D0E3B /* WCTTabbarViewContrller.swift in Sources */,
				04D74F1924B0DC02008D0E3B /* WCTSetPassWordViewController.swift in Sources */,
				04D74F1F24B0DC4E008D0E3B /* WCTHomeViewController.swift in Sources */,
				042C7D3124B22C0900CE11D2 /* WCTAccountManager.swift in Sources */,
				04D74EE424B0D959008D0E3B /* AppDelegate.swift in Sources */,
				04D74F2124B0DC78008D0E3B /* WCTAccountDetailViewController.swift in Sources */,
				04D74F2524B0DDA4008D0E3B /* WCTWifeViewController.swift in Sources */,
			);
			runOnlyForDeploymentPostprocessing = 0;
		};
		04D74EF224B0D95A008D0E3B /* Sources */ = {
			isa = PBXSourcesBuildPhase;
			buildActionMask = 2147483647;
			files = (
				04D74EFB24B0D95A008D0E3B /* WCTLoveLJDemoTests.swift in Sources */,
			);
			runOnlyForDeploymentPostprocessing = 0;
		};
		04D74EFD24B0D95A008D0E3B /* Sources */ = {
			isa = PBXSourcesBuildPhase;
			buildActionMask = 2147483647;
			files = (
				04D74F0624B0D95A008D0E3B /* WCTLoveLJDemoUITests.swift in Sources */,
			);
			runOnlyForDeploymentPostprocessing = 0;
		};
/* End PBXSourcesBuildPhase section */

/* Begin PBXTargetDependency section */
		04D74EF824B0D95A008D0E3B /* PBXTargetDependency */ = {
			isa = PBXTargetDependency;
			target = 04D74EDF24B0D959008D0E3B /* WCTLoveLJDemo */;
			targetProxy = 04D74EF724B0D95A008D0E3B /* PBXContainerItemProxy */;
		};
		04D74F0324B0D95A008D0E3B /* PBXTargetDependency */ = {
			isa = PBXTargetDependency;
			target = 04D74EDF24B0D959008D0E3B /* WCTLoveLJDemo */;
			targetProxy = 04D74F0224B0D95A008D0E3B /* PBXContainerItemProxy */;
		};
/* End PBXTargetDependency section */

/* Begin XCBuildConfiguration section */
		04D74F0824B0D95A008D0E3B /* Debug */ = {
			isa = XCBuildConfiguration;
			buildSettings = {
				ALWAYS_SEARCH_USER_PATHS = NO;
				CLANG_ANALYZER_NONNULL = YES;
				CLANG_ANALYZER_NUMBER_OBJECT_CONVERSION = YES_AGGRESSIVE;
				CLANG_CXX_LANGUAGE_STANDARD = "gnu++14";
				CLANG_CXX_LIBRARY = "libc++";
				CLANG_ENABLE_MODULES = YES;
				CLANG_ENABLE_OBJC_ARC = YES;
				CLANG_ENABLE_OBJC_WEAK = YES;
				CLANG_WARN_BLOCK_CAPTURE_AUTORELEASING = YES;
				CLANG_WARN_BOOL_CONVERSION = YES;
				CLANG_WARN_COMMA = YES;
				CLANG_WARN_CONSTANT_CONVERSION = YES;
				CLANG_WARN_DEPRECATED_OBJC_IMPLEMENTATIONS = YES;
				CLANG_WARN_DIRECT_OBJC_ISA_USAGE = YES_ERROR;
				CLANG_WARN_DOCUMENTATION_COMMENTS = YES;
				CLANG_WARN_EMPTY_BODY = YES;
				CLANG_WARN_ENUM_CONVERSION = YES;
				CLANG_WARN_INFINITE_RECURSION = YES;
				CLANG_WARN_INT_CONVERSION = YES;
				CLANG_WARN_NON_LITERAL_NULL_CONVERSION = YES;
				CLANG_WARN_OBJC_IMPLICIT_RETAIN_SELF = YES;
				CLANG_WARN_OBJC_LITERAL_CONVERSION = YES;
				CLANG_WARN_OBJC_ROOT_CLASS = YES_ERROR;
				CLANG_WARN_RANGE_LOOP_ANALYSIS = YES;
				CLANG_WARN_STRICT_PROTOTYPES = YES;
				CLANG_WARN_SUSPICIOUS_MOVE = YES;
				CLANG_WARN_UNGUARDED_AVAILABILITY = YES_AGGRESSIVE;
				CLANG_WARN_UNREACHABLE_CODE = YES;
				CLANG_WARN__DUPLICATE_METHOD_MATCH = YES;
				COPY_PHASE_STRIP = NO;
				DEBUG_INFORMATION_FORMAT = dwarf;
				ENABLE_STRICT_OBJC_MSGSEND = YES;
				ENABLE_TESTABILITY = YES;
				GCC_C_LANGUAGE_STANDARD = gnu11;
				GCC_DYNAMIC_NO_PIC = NO;
				GCC_NO_COMMON_BLOCKS = YES;
				GCC_OPTIMIZATION_LEVEL = 0;
				GCC_PREPROCESSOR_DEFINITIONS = (
					"DEBUG=1",
					"$(inherited)",
				);
				GCC_WARN_64_TO_32_BIT_CONVERSION = YES;
				GCC_WARN_ABOUT_RETURN_TYPE = YES_ERROR;
				GCC_WARN_UNDECLARED_SELECTOR = YES;
				GCC_WARN_UNINITIALIZED_AUTOS = YES_AGGRESSIVE;
				GCC_WARN_UNUSED_FUNCTION = YES;
				GCC_WARN_UNUSED_VARIABLE = YES;
				IPHONEOS_DEPLOYMENT_TARGET = 9.0;
				MTL_ENABLE_DEBUG_INFO = INCLUDE_SOURCE;
				MTL_FAST_MATH = YES;
				ONLY_ACTIVE_ARCH = YES;
				SDKROOT = iphoneos;
				SWIFT_ACTIVE_COMPILATION_CONDITIONS = DEBUG;
				SWIFT_OPTIMIZATION_LEVEL = "-Onone";
			};
			name = Debug;
		};
		04D74F0924B0D95A008D0E3B /* Release */ = {
			isa = XCBuildConfiguration;
			buildSettings = {
				ALWAYS_SEARCH_USER_PATHS = NO;
				CLANG_ANALYZER_NONNULL = YES;
				CLANG_ANALYZER_NUMBER_OBJECT_CONVERSION = YES_AGGRESSIVE;
				CLANG_CXX_LANGUAGE_STANDARD = "gnu++14";
				CLANG_CXX_LIBRARY = "libc++";
				CLANG_ENABLE_MODULES = YES;
				CLANG_ENABLE_OBJC_ARC = YES;
				CLANG_ENABLE_OBJC_WEAK = YES;
				CLANG_WARN_BLOCK_CAPTURE_AUTORELEASING = YES;
				CLANG_WARN_BOOL_CONVERSION = YES;
				CLANG_WARN_COMMA = YES;
				CLANG_WARN_CONSTANT_CONVERSION = YES;
				CLANG_WARN_DEPRECATED_OBJC_IMPLEMENTATIONS = YES;
				CLANG_WARN_DIRECT_OBJC_ISA_USAGE = YES_ERROR;
				CLANG_WARN_DOCUMENTATION_COMMENTS = YES;
				CLANG_WARN_EMPTY_BODY = YES;
				CLANG_WARN_ENUM_CONVERSION = YES;
				CLANG_WARN_INFINITE_RECURSION = YES;
				CLANG_WARN_INT_CONVERSION = YES;
				CLANG_WARN_NON_LITERAL_NULL_CONVERSION = YES;
				CLANG_WARN_OBJC_IMPLICIT_RETAIN_SELF = YES;
				CLANG_WARN_OBJC_LITERAL_CONVERSION = YES;
				CLANG_WARN_OBJC_ROOT_CLASS = YES_ERROR;
				CLANG_WARN_RANGE_LOOP_ANALYSIS = YES;
				CLANG_WARN_STRICT_PROTOTYPES = YES;
				CLANG_WARN_SUSPICIOUS_MOVE = YES;
				CLANG_WARN_UNGUARDED_AVAILABILITY = YES_AGGRESSIVE;
				CLANG_WARN_UNREACHABLE_CODE = YES;
				CLANG_WARN__DUPLICATE_METHOD_MATCH = YES;
				COPY_PHASE_STRIP = NO;
				DEBUG_INFORMATION_FORMAT = "dwarf-with-dsym";
				ENABLE_NS_ASSERTIONS = NO;
				ENABLE_STRICT_OBJC_MSGSEND = YES;
				GCC_C_LANGUAGE_STANDARD = gnu11;
				GCC_NO_COMMON_BLOCKS = YES;
				GCC_WARN_64_TO_32_BIT_CONVERSION = YES;
				GCC_WARN_ABOUT_RETURN_TYPE = YES_ERROR;
				GCC_WARN_UNDECLARED_SELECTOR = YES;
				GCC_WARN_UNINITIALIZED_AUTOS = YES_AGGRESSIVE;
				GCC_WARN_UNUSED_FUNCTION = YES;
				GCC_WARN_UNUSED_VARIABLE = YES;
				IPHONEOS_DEPLOYMENT_TARGET = 9.0;
				MTL_ENABLE_DEBUG_INFO = NO;
				MTL_FAST_MATH = YES;
				SDKROOT = iphoneos;
				SWIFT_COMPILATION_MODE = wholemodule;
				SWIFT_OPTIMIZATION_LEVEL = "-O";
				VALIDATE_PRODUCT = YES;
			};
			name = Release;
		};
		04D74F0B24B0D95A008D0E3B /* Debug */ = {
			isa = XCBuildConfiguration;
			baseConfigurationReference = F09B00283C3CE93D6C485399 /* Pods-WCTLoveLJDemo.debug.xcconfig */;
			buildSettings = {
				ASSETCATALOG_COMPILER_APPICON_NAME = AppIcon;
				CODE_SIGN_STYLE = Automatic;
				DEVELOPMENT_TEAM = BDAB7S57U4;
				INFOPLIST_FILE = WCTLoveLJDemo/Info.plist;
				LD_RUNPATH_SEARCH_PATHS = (
					"$(inherited)",
					"@executable_path/Frameworks",
				);
				PRODUCT_BUNDLE_IDENTIFIER = wctTestBundleIdntifier;
				PRODUCT_NAME = "$(TARGET_NAME)";
				SWIFT_VERSION = 5.0;
				TARGETED_DEVICE_FAMILY = 1;
			};
			name = Debug;
		};
		04D74F0C24B0D95A008D0E3B /* Release */ = {
			isa = XCBuildConfiguration;
			baseConfigurationReference = A4EB2888F6D5802E91A43B08 /* Pods-WCTLoveLJDemo.release.xcconfig */;
			buildSettings = {
				ASSETCATALOG_COMPILER_APPICON_NAME = AppIcon;
				CODE_SIGN_STYLE = Automatic;
				DEVELOPMENT_TEAM = BDAB7S57U4;
				INFOPLIST_FILE = WCTLoveLJDemo/Info.plist;
				LD_RUNPATH_SEARCH_PATHS = (
					"$(inherited)",
					"@executable_path/Frameworks",
				);
				PRODUCT_BUNDLE_IDENTIFIER = wctTestBundleIdntifier;
				PRODUCT_NAME = "$(TARGET_NAME)";
				SWIFT_VERSION = 5.0;
				TARGETED_DEVICE_FAMILY = 1;
			};
			name = Release;
		};
		04D74F0E24B0D95A008D0E3B /* Debug */ = {
			isa = XCBuildConfiguration;
			buildSettings = {
				ALWAYS_EMBED_SWIFT_STANDARD_LIBRARIES = YES;
				BUNDLE_LOADER = "$(TEST_HOST)";
				CODE_SIGN_STYLE = Automatic;
				INFOPLIST_FILE = WCTLoveLJDemoTests/Info.plist;
				IPHONEOS_DEPLOYMENT_TARGET = 13.0;
				LD_RUNPATH_SEARCH_PATHS = (
					"$(inherited)",
					"@executable_path/Frameworks",
					"@loader_path/Frameworks",
				);
				PRODUCT_BUNDLE_IDENTIFIER = "wctloveios-163.com.WCTLoveLJDemoTests";
				PRODUCT_NAME = "$(TARGET_NAME)";
				SWIFT_VERSION = 5.0;
				TARGETED_DEVICE_FAMILY = "1,2";
				TEST_HOST = "$(BUILT_PRODUCTS_DIR)/WCTLoveLJDemo.app/WCTLoveLJDemo";
			};
			name = Debug;
		};
		04D74F0F24B0D95A008D0E3B /* Release */ = {
			isa = XCBuildConfiguration;
			buildSettings = {
				ALWAYS_EMBED_SWIFT_STANDARD_LIBRARIES = YES;
				BUNDLE_LOADER = "$(TEST_HOST)";
				CODE_SIGN_STYLE = Automatic;
				INFOPLIST_FILE = WCTLoveLJDemoTests/Info.plist;
				IPHONEOS_DEPLOYMENT_TARGET = 13.0;
				LD_RUNPATH_SEARCH_PATHS = (
					"$(inherited)",
					"@executable_path/Frameworks",
					"@loader_path/Frameworks",
				);
				PRODUCT_BUNDLE_IDENTIFIER = "wctloveios-163.com.WCTLoveLJDemoTests";
				PRODUCT_NAME = "$(TARGET_NAME)";
				SWIFT_VERSION = 5.0;
				TARGETED_DEVICE_FAMILY = "1,2";
				TEST_HOST = "$(BUILT_PRODUCTS_DIR)/WCTLoveLJDemo.app/WCTLoveLJDemo";
			};
			name = Release;
		};
		04D74F1124B0D95A008D0E3B /* Debug */ = {
			isa = XCBuildConfiguration;
			buildSettings = {
				ALWAYS_EMBED_SWIFT_STANDARD_LIBRARIES = YES;
				CODE_SIGN_STYLE = Automatic;
				INFOPLIST_FILE = WCTLoveLJDemoUITests/Info.plist;
				LD_RUNPATH_SEARCH_PATHS = (
					"$(inherited)",
					"@executable_path/Frameworks",
					"@loader_path/Frameworks",
				);
				PRODUCT_BUNDLE_IDENTIFIER = "wctloveios-163.com.WCTLoveLJDemoUITests";
				PRODUCT_NAME = "$(TARGET_NAME)";
				SWIFT_VERSION = 5.0;
				TARGETED_DEVICE_FAMILY = "1,2";
				TEST_TARGET_NAME = WCTLoveLJDemo;
			};
			name = Debug;
		};
		04D74F1224B0D95A008D0E3B /* Release */ = {
			isa = XCBuildConfiguration;
			buildSettings = {
				ALWAYS_EMBED_SWIFT_STANDARD_LIBRARIES = YES;
				CODE_SIGN_STYLE = Automatic;
				INFOPLIST_FILE = WCTLoveLJDemoUITests/Info.plist;
				LD_RUNPATH_SEARCH_PATHS = (
					"$(inherited)",
					"@executable_path/Frameworks",
					"@loader_path/Frameworks",
				);
				PRODUCT_BUNDLE_IDENTIFIER = "wctloveios-163.com.WCTLoveLJDemoUITests";
				PRODUCT_NAME = "$(TARGET_NAME)";
				SWIFT_VERSION = 5.0;
				TARGETED_DEVICE_FAMILY = "1,2";
				TEST_TARGET_NAME = WCTLoveLJDemo;
			};
			name = Release;
		};
/* End XCBuildConfiguration section */

/* Begin XCConfigurationList section */
		04D74EDB24B0D959008D0E3B /* Build configuration list for PBXProject "WCTLoveLJDemo" */ = {
			isa = XCConfigurationList;
			buildConfigurations = (
				04D74F0824B0D95A008D0E3B /* Debug */,
				04D74F0924B0D95A008D0E3B /* Release */,
			);
			defaultConfigurationIsVisible = 0;
			defaultConfigurationName = Release;
		};
		04D74F0A24B0D95A008D0E3B /* Build configuration list for PBXNativeTarget "WCTLoveLJDemo" */ = {
			isa = XCConfigurationList;
			buildConfigurations = (
				04D74F0B24B0D95A008D0E3B /* Debug */,
				04D74F0C24B0D95A008D0E3B /* Release */,
			);
			defaultConfigurationIsVisible = 0;
			defaultConfigurationName = Release;
		};
		04D74F0D24B0D95A008D0E3B /* Build configuration list for PBXNativeTarget "WCTLoveLJDemoTests" */ = {
			isa = XCConfigurationList;
			buildConfigurations = (
				04D74F0E24B0D95A008D0E3B /* Debug */,
				04D74F0F24B0D95A008D0E3B /* Release */,
			);
			defaultConfigurationIsVisible = 0;
			defaultConfigurationName = Release;
		};
		04D74F1024B0D95A008D0E3B /* Build configuration list for PBXNativeTarget "WCTLoveLJDemoUITests" */ = {
			isa = XCConfigurationList;
			buildConfigurations = (
				04D74F1124B0D95A008D0E3B /* Debug */,
				04D74F1224B0D95A008D0E3B /* Release */,
			);
			defaultConfigurationIsVisible = 0;
			defaultConfigurationName = Release;
		};
/* End XCConfigurationList section */
	};
	rootObject = 04D74ED824B0D959008D0E3B /* Project object */;
}
