PODS:
  - Alamofire (5.2.1)
  - HandyJSON (5.0.2)
  - SwiftyJSON (5.0.0)

DEPENDENCIES:
  - Alamofire
  - HandyJSON
  - SwiftyJSON

SPEC CHECKSUMS:
  Alamofire: e911732990610fe89af59ac0077f923d72dc3dfd
  HandyJSON: 9e4e236f5d2dbefad5155a77417bbea438201c03
  SwiftyJSON: 36413e04c44ee145039d332b4f4e2d3e8d6c4db7

PODFILE CHECKSUM: 7216d24b9ab877c22474b2a94045b2e7ce5bb2bd

COCOAPODS: 1.4.0
